
Microsoft Visual Studio Solution File, Format Version 12.00
# Visual Studio Version 17
VisualStudioVersion = 17.9.34723.18
MinimumVisualStudioVersion = 10.0.40219.1
Project("{9A19103F-16F7-4668-BE54-9A1E7A4F7556}") = "Lab.DotNetEfCore", "Lab.DotNetEfCore.csproj", "{8DDA7238-DF07-4508-8781-F1144F8DAD66}"
EndProject
Project("{9A19103F-16F7-4668-BE54-9A1E7A4F7556}") = "Lab.DotNetEfCore.Data", "..\Lab.DotNetEfCore.Data\Lab.DotNetEfCore.Data.csproj", "{F3A72B1A-E181-48A9-8ED5-F467533FBC8C}"
EndProject
Global
	GlobalSection(SolutionConfigurationPlatforms) = preSolution
		Debug|Any CPU = Debug|Any CPU
		Release|Any CPU = Release|Any CPU
	EndGlobalSection
	GlobalSection(ProjectConfigurationPlatforms) = postSolution
		{8DDA7238-DF07-4508-8781-F1144F8DAD66}.Debug|Any CPU.ActiveCfg = Debug|Any CPU
		{8DDA7238-DF07-4508-8781-F1144F8DAD66}.Debug|Any CPU.Build.0 = Debug|Any CPU
		{8DDA7238-DF07-4508-8781-F1144F8DAD66}.Release|Any CPU.ActiveCfg = Release|Any CPU
		{8DDA7238-DF07-4508-8781-F1144F8DAD66}.Release|Any CPU.Build.0 = Release|Any CPU
		{F3A72B1A-E181-48A9-8ED5-F467533FBC8C}.Debug|Any CPU.ActiveCfg = Debug|Any CPU
		{F3A72B1A-E181-48A9-8ED5-F467533FBC8C}.Debug|Any CPU.Build.0 = Debug|Any CPU
		{F3A72B1A-E181-48A9-8ED5-F467533FBC8C}.Release|Any CPU.ActiveCfg = Release|Any CPU
		{F3A72B1A-E181-48A9-8ED5-F467533FBC8C}.Release|Any CPU.Build.0 = Release|Any CPU
	EndGlobalSection
	GlobalSection(SolutionProperties) = preSolution
		HideSolutionNode = FALSE
	EndGlobalSection
	GlobalSection(ExtensibilityGlobals) = postSolution
		SolutionGuid = {9F1AD9FA-A94E-4CA6-A35A-58FD4ED6E703}
	EndGlobalSection
EndGlobal
